
Microsoft Visual Studio Solution File, Format Version 12.00
# Visual Studio Version 17
VisualStudioVersion = 17.9.34616.47
MinimumVisualStudioVersion = 10.0.40219.1
Project("{9A19103F-16F7-4668-BE54-9A1E7A4F7556}") = "Presentation", "Presentation\Presentation.csproj", "{2B255DCA-B278-47D3-8AEF-E1ADF25CB1C6}"
EndProject
Project("{FAE04EC0-301F-11D3-BF4B-00C04F79EFBC}") = "Domain", "Domain\Domain.csproj", "{E0600C5A-2899-473B-9AA9-8D59BA98EE81}"
EndProject
Project("{FAE04EC0-301F-11D3-BF4B-00C04F79EFBC}") = "Aplication", "Aplication\Aplication.csproj", "{0E393076-8FF3-49B1-879F-4F791960E0EE}"
EndProject
Project("{FAE04EC0-301F-11D3-BF4B-00C04F79EFBC}") = "Infrastructure", "Infrastructure\Infrastructure.csproj", "{B1AFC6F6-FB6A-4E73-A1CB-12033E0127B9}"
EndProject
Global
	GlobalSection(SolutionConfigurationPlatforms) = preSolution
		Debug|Any CPU = Debug|Any CPU
		Release|Any CPU = Release|Any CPU
	EndGlobalSection
	GlobalSection(ProjectConfigurationPlatforms) = postSolution
		{2B255DCA-B278-47D3-8AEF-E1ADF25CB1C6}.Debug|Any CPU.ActiveCfg = Debug|Any CPU
		{2B255DCA-B278-47D3-8AEF-E1ADF25CB1C6}.Debug|Any CPU.Build.0 = Debug|Any CPU
		{2B255DCA-B278-47D3-8AEF-E1ADF25CB1C6}.Release|Any CPU.ActiveCfg = Release|Any CPU
		{2B255DCA-B278-47D3-8AEF-E1ADF25CB1C6}.Release|Any CPU.Build.0 = Release|Any CPU
		{E0600C5A-2899-473B-9AA9-8D59BA98EE81}.Debug|Any CPU.ActiveCfg = Debug|Any CPU
		{E0600C5A-2899-473B-9AA9-8D59BA98EE81}.Debug|Any CPU.Build.0 = Debug|Any CPU
		{E0600C5A-2899-473B-9AA9-8D59BA98EE81}.Release|Any CPU.ActiveCfg = Release|Any CPU
		{E0600C5A-2899-473B-9AA9-8D59BA98EE81}.Release|Any CPU.Build.0 = Release|Any CPU
		{0E393076-8FF3-49B1-879F-4F791960E0EE}.Debug|Any CPU.ActiveCfg = Debug|Any CPU
		{0E393076-8FF3-49B1-879F-4F791960E0EE}.Debug|Any CPU.Build.0 = Debug|Any CPU
		{0E393076-8FF3-49B1-879F-4F791960E0EE}.Release|Any CPU.ActiveCfg = Release|Any CPU
		{0E393076-8FF3-49B1-879F-4F791960E0EE}.Release|Any CPU.Build.0 = Release|Any CPU
		{B1AFC6F6-FB6A-4E73-A1CB-12033E0127B9}.Debug|Any CPU.ActiveCfg = Debug|Any CPU
		{B1AFC6F6-FB6A-4E73-A1CB-12033E0127B9}.Debug|Any CPU.Build.0 = Debug|Any CPU
		{B1AFC6F6-FB6A-4E73-A1CB-12033E0127B9}.Release|Any CPU.ActiveCfg = Release|Any CPU
		{B1AFC6F6-FB6A-4E73-A1CB-12033E0127B9}.Release|Any CPU.Build.0 = Release|Any CPU
	EndGlobalSection
	GlobalSection(SolutionProperties) = preSolution
		HideSolutionNode = FALSE
	EndGlobalSection
	GlobalSection(ExtensibilityGlobals) = postSolution
		SolutionGuid = {232F3DFB-B47C-4C40-8B66-1500F024CD0A}
	EndGlobalSection
EndGlobal
